
Microsoft Visual Studio Solution File, Format Version 12.00
# Visual Studio 15
VisualStudioVersion = 15.0.27703.2042
MinimumVisualStudioVersion = 10.0.40219.1
Project("{FAE04EC0-301F-11D3-BF4B-00C04F79EFBC}") = "mvcDogExample", "mvcDogExample\mvcDogExample.csproj", "{9E916BED-3A72-4A16-9335-B8B7A1DA577B}"
EndProject
Global
	GlobalSection(SolutionConfigurationPlatforms) = preSolution
		Debug|Any CPU = Debug|Any CPU
		Release|Any CPU = Release|Any CPU
	EndGlobalSection
	GlobalSection(ProjectConfigurationPlatforms) = postSolution
		{9E916BED-3A72-4A16-9335-B8B7A1DA577B}.Debug|Any CPU.ActiveCfg = Debug|Any CPU
		{9E916BED-3A72-4A16-9335-B8B7A1DA577B}.Debug|Any CPU.Build.0 = Debug|Any CPU
		{9E916BED-3A72-4A16-9335-B8B7A1DA577B}.Release|Any CPU.ActiveCfg = Release|Any CPU
		{9E916BED-3A72-4A16-9335-B8B7A1DA577B}.Release|Any CPU.Build.0 = Release|Any CPU
	EndGlobalSection
	GlobalSection(SolutionProperties) = preSolution
		HideSolutionNode = FALSE
	EndGlobalSection
	GlobalSection(ExtensibilityGlobals) = postSolution
		SolutionGuid = {CEF7CA75-D8E3-4A8D-9E68-0A674F48E57E}
	EndGlobalSection
EndGlobal
